
Microsoft Visual Studio Solution File, Format Version 12.00
# Visual Studio Version 16
VisualStudioVersion = 16.0.30413.136
MinimumVisualStudioVersion = 10.0.40219.1
Project("{9A19103F-16F7-4668-BE54-9A1E7A4F7556}") = "WebStore_2021", "WebStore_2021\WebStore_2021.csproj", "{4E64EEEF-3B72-42F2-98DA-1ED0AC9F8FDF}"
EndProject
Project("{9A19103F-16F7-4668-BE54-9A1E7A4F7556}") = "WebStore.Domain", "WebStore.Domain\WebStore.Domain.csproj", "{17B4A0D5-9517-4CF4-A849-79C8F33763E3}"
EndProject
Project("{FAE04EC0-301F-11D3-BF4B-00C04F79EFBC}") = "WebStore.DAL", "WebStore.DAL\WebStore.DAL.csproj", "{EABCDC33-AA75-42E4-AFBE-C8B967BE0154}"
EndProject
Global
	GlobalSection(SolutionConfigurationPlatforms) = preSolution
		Debug|Any CPU = Debug|Any CPU
		Release|Any CPU = Release|Any CPU
	EndGlobalSection
	GlobalSection(ProjectConfigurationPlatforms) = postSolution
		{4E64EEEF-3B72-42F2-98DA-1ED0AC9F8FDF}.Debug|Any CPU.ActiveCfg = Debug|Any CPU
		{4E64EEEF-3B72-42F2-98DA-1ED0AC9F8FDF}.Debug|Any CPU.Build.0 = Debug|Any CPU
		{4E64EEEF-3B72-42F2-98DA-1ED0AC9F8FDF}.Release|Any CPU.ActiveCfg = Release|Any CPU
		{4E64EEEF-3B72-42F2-98DA-1ED0AC9F8FDF}.Release|Any CPU.Build.0 = Release|Any CPU
		{17B4A0D5-9517-4CF4-A849-79C8F33763E3}.Debug|Any CPU.ActiveCfg = Debug|Any CPU
		{17B4A0D5-9517-4CF4-A849-79C8F33763E3}.Debug|Any CPU.Build.0 = Debug|Any CPU
		{17B4A0D5-9517-4CF4-A849-79C8F33763E3}.Release|Any CPU.ActiveCfg = Release|Any CPU
		{17B4A0D5-9517-4CF4-A849-79C8F33763E3}.Release|Any CPU.Build.0 = Release|Any CPU
		{EABCDC33-AA75-42E4-AFBE-C8B967BE0154}.Debug|Any CPU.ActiveCfg = Debug|Any CPU
		{EABCDC33-AA75-42E4-AFBE-C8B967BE0154}.Debug|Any CPU.Build.0 = Debug|Any CPU
		{EABCDC33-AA75-42E4-AFBE-C8B967BE0154}.Release|Any CPU.ActiveCfg = Release|Any CPU
		{EABCDC33-AA75-42E4-AFBE-C8B967BE0154}.Release|Any CPU.Build.0 = Release|Any CPU
	EndGlobalSection
	GlobalSection(SolutionProperties) = preSolution
		HideSolutionNode = FALSE
	EndGlobalSection
	GlobalSection(ExtensibilityGlobals) = postSolution
		SolutionGuid = {1295C860-2EA5-4236-94C5-9A8C54EE19E3}
	EndGlobalSection
EndGlobal
